
Microsoft Visual Studio Solution File, Format Version 12.00
# Visual Studio 15
VisualStudioVersion = 15.0.27428.2037
MinimumVisualStudioVersion = 10.0.40219.1
Project("{FAE04EC0-301F-11D3-BF4B-00C04F79EFBC}") = "CarService", "CarService\CarService.csproj", "{D5A2B519-8883-4D26-876F-AAC99C5BA466}"
EndProject
Global
	GlobalSection(SolutionConfigurationPlatforms) = preSolution
		Debug|Any CPU = Debug|Any CPU
		Release|Any CPU = Release|Any CPU
	EndGlobalSection
	GlobalSection(ProjectConfigurationPlatforms) = postSolution
		{D5A2B519-8883-4D26-876F-AAC99C5BA466}.Debug|Any CPU.ActiveCfg = Debug|Any CPU
		{D5A2B519-8883-4D26-876F-AAC99C5BA466}.Debug|Any CPU.Build.0 = Debug|Any CPU
		{D5A2B519-8883-4D26-876F-AAC99C5BA466}.Release|Any CPU.ActiveCfg = Release|Any CPU
		{D5A2B519-8883-4D26-876F-AAC99C5BA466}.Release|Any CPU.Build.0 = Release|Any CPU
	EndGlobalSection
	GlobalSection(SolutionProperties) = preSolution
		HideSolutionNode = FALSE
	EndGlobalSection
	GlobalSection(ExtensibilityGlobals) = postSolution
		SolutionGuid = {2313C4F2-28CA-4A1D-9590-A6D06BDE4D13}
	EndGlobalSection
EndGlobal
